
Microsoft Visual Studio Solution File, Format Version 12.00
# Visual Studio Version 16
VisualStudioVersion = 16.0.29025.244
MinimumVisualStudioVersion = 10.0.40219.1
Project("{8BC9CEB8-8B4A-11D0-8D11-00A0C91BC942}") = "1806_PartSum", "1806_PartSum\1806_PartSum.vcxproj", "{73623F82-9965-46DC-8C59-75150F6C3A06}"
EndProject
Global
	GlobalSection(SolutionConfigurationPlatforms) = preSolution
		Debug|x64 = Debug|x64
		Debug|x86 = Debug|x86
		Release|x64 = Release|x64
		Release|x86 = Release|x86
	EndGlobalSection
	GlobalSection(ProjectConfigurationPlatforms) = postSolution
		{73623F82-9965-46DC-8C59-75150F6C3A06}.Debug|x64.ActiveCfg = Debug|x64
		{73623F82-9965-46DC-8C59-75150F6C3A06}.Debug|x64.Build.0 = Debug|x64
		{73623F82-9965-46DC-8C59-75150F6C3A06}.Debug|x86.ActiveCfg = Debug|Win32
		{73623F82-9965-46DC-8C59-75150F6C3A06}.Debug|x86.Build.0 = Debug|Win32
		{73623F82-9965-46DC-8C59-75150F6C3A06}.Release|x64.ActiveCfg = Release|x64
		{73623F82-9965-46DC-8C59-75150F6C3A06}.Release|x64.Build.0 = Release|x64
		{73623F82-9965-46DC-8C59-75150F6C3A06}.Release|x86.ActiveCfg = Release|Win32
		{73623F82-9965-46DC-8C59-75150F6C3A06}.Release|x86.Build.0 = Release|Win32
	EndGlobalSection
	GlobalSection(SolutionProperties) = preSolution
		HideSolutionNode = FALSE
	EndGlobalSection
	GlobalSection(ExtensibilityGlobals) = postSolution
		SolutionGuid = {78764292-B159-4A40-88B7-57D4C391DF90}
	EndGlobalSection
EndGlobal
